
Microsoft Visual Studio Solution File, Format Version 12.00
# Visual Studio Version 17
VisualStudioVersion = 17.5.33516.290
MinimumVisualStudioVersion = 10.0.40219.1
Project("{FAE04EC0-301F-11D3-BF4B-00C04F79EFBC}") = "PrjBancoConta", "PrjBancoConta\PrjBancoConta.csproj", "{EE0380A4-2E58-4FC8-9025-3DE44FE97481}"
EndProject
Global
	GlobalSection(SolutionConfigurationPlatforms) = preSolution
		Debug|Any CPU = Debug|Any CPU
		Release|Any CPU = Release|Any CPU
	EndGlobalSection
	GlobalSection(ProjectConfigurationPlatforms) = postSolution
		{EE0380A4-2E58-4FC8-9025-3DE44FE97481}.Debug|Any CPU.ActiveCfg = Debug|Any CPU
		{EE0380A4-2E58-4FC8-9025-3DE44FE97481}.Debug|Any CPU.Build.0 = Debug|Any CPU
		{EE0380A4-2E58-4FC8-9025-3DE44FE97481}.Release|Any CPU.ActiveCfg = Release|Any CPU
		{EE0380A4-2E58-4FC8-9025-3DE44FE97481}.Release|Any CPU.Build.0 = Release|Any CPU
	EndGlobalSection
	GlobalSection(SolutionProperties) = preSolution
		HideSolutionNode = FALSE
	EndGlobalSection
	GlobalSection(ExtensibilityGlobals) = postSolution
		SolutionGuid = {6C9FE22B-D928-4900-B65F-DEBAEFC07A89}
	EndGlobalSection
EndGlobal
